
Microsoft Visual Studio Solution File, Format Version 12.00
# Visual Studio 14
VisualStudioVersion = 14.0.25420.1
MinimumVisualStudioVersion = 10.0.40219.1
Project("{FAE04EC0-301F-11D3-BF4B-00C04F79EFBC}") = "GRE_DICTIONARY", "GRE_DICTIONARY\GRE_DICTIONARY.csproj", "{4BA52922-36A5-4DC7-8D73-556C9AD21860}"
EndProject
Global
	GlobalSection(SolutionConfigurationPlatforms) = preSolution
		Debug|Any CPU = Debug|Any CPU
		Release|Any CPU = Release|Any CPU
	EndGlobalSection
	GlobalSection(ProjectConfigurationPlatforms) = postSolution
		{4BA52922-36A5-4DC7-8D73-556C9AD21860}.Debug|Any CPU.ActiveCfg = Debug|Any CPU
		{4BA52922-36A5-4DC7-8D73-556C9AD21860}.Debug|Any CPU.Build.0 = Debug|Any CPU
		{4BA52922-36A5-4DC7-8D73-556C9AD21860}.Release|Any CPU.ActiveCfg = Release|Any CPU
		{4BA52922-36A5-4DC7-8D73-556C9AD21860}.Release|Any CPU.Build.0 = Release|Any CPU
	EndGlobalSection
	GlobalSection(SolutionProperties) = preSolution
		HideSolutionNode = FALSE
	EndGlobalSection
EndGlobal
